<?xml version="1.0" encoding="utf-8"?>
<Project ToolsVersion="4.0" xmlns="http://schemas.microsoft.com/developer/msbuild/2003">
  <ItemGroup>
    <ClCompile Include="obdcon.cpp">
      <Filter>Source Files</Filter>
    </ClCompile>
    <ClCompile Include="imagebox.cpp">
      <Filter>Source Files</Filter>
    </ClCompile>
    <ClCompile Include="gauge.cpp">
      <Filter>Source Files</Filter>
    </ClCompile>
    <ClCompile Include="libctb\fifo.cpp">
      <Filter>Source Files\libctb</Filter>
    </ClCompile>
    <ClCompile Include="libctb\getopt.cpp">
      <Filter>Source Files\libctb</Filter>
    </ClCompile>
    <ClCompile Include="libctb\iobase.cpp">
      <Filter>Source Files\libctb</Filter>
    </ClCompile>
    <ClCompile Include="libctb\kbhit.cpp">
      <Filter>Source Files\libctb</Filter>
    </ClCompile>
    <ClCompile Include="libctb\serportx.cpp">
      <Filter>Source Files\libctb</Filter>
    </ClCompile>
    <ClCompile Include="libctb\win32\getopt.cpp">
      <Filter>Source Files\libctb</Filter>
    </ClCompile>
    <ClCompile Include="libctb\win32\serport.cpp">
      <Filter>Source Files\libctb</Filter>
    </ClCompile>
    <ClCompile Include="libctb\win32\timer.cpp">
      <Filter>Source Files\libctb</Filter>
    </ClCompile>
  </ItemGroup>
  <ItemGroup>
    <Filter Include="Header Files">
      <UniqueIdentifier>{9ca2d1b5-700d-43d0-bc55-7a32588a7001}</UniqueIdentifier>
    </Filter>
    <Filter Include="Source Files">
      <UniqueIdentifier>{12dfbcc3-1515-4a9b-9a41-f2606f582a84}</UniqueIdentifier>
    </Filter>
    <Filter Include="Source Files\libctb">
      <UniqueIdentifier>{4768559a-9f1d-4f0a-a348-4005161422aa}</UniqueIdentifier>
    </Filter>
  </ItemGroup>
  <ItemGroup>
    <ClInclude Include="obdcon.h">
      <Filter>Header Files</Filter>
    </ClInclude>
    <ClInclude Include="imagebox.h">
      <Filter>Header Files</Filter>
    </ClInclude>
    <ClInclude Include="gauge.h">
      <Filter>Header Files</Filter>
    </ClInclude>
  </ItemGroup>
</Project>