
Microsoft Visual Studio Solution File, Format Version 11.00
# Visual Studio 2010
Project("{8BC9CEB8-8B4A-11D0-8D11-00A0C91BC942}") = "dashboard_1602", "dashboard_1602.vcxproj", "{BA2871F9-D5EB-4A7F-AF5E-F3072EC68243}"
EndProject
Global
	GlobalSection(SolutionConfigurationPlatforms) = preSolution
		Debug|Win32 = Debug|Win32
		Release|Win32 = Release|Win32
	EndGlobalSection
	GlobalSection(ProjectConfigurationPlatforms) = postSolution
		{BA2871F9-D5EB-4A7F-AF5E-F3072EC68243}.Debug|Win32.ActiveCfg = Debug|Win32
		{BA2871F9-D5EB-4A7F-AF5E-F3072EC68243}.Debug|Win32.Build.0 = Debug|Win32
		{BA2871F9-D5EB-4A7F-AF5E-F3072EC68243}.Release|Win32.ActiveCfg = Release|Win32
		{BA2871F9-D5EB-4A7F-AF5E-F3072EC68243}.Release|Win32.Build.0 = Release|Win32
	EndGlobalSection
	GlobalSection(SolutionProperties) = preSolution
		HideSolutionNode = FALSE
	EndGlobalSection
EndGlobal
